
Microsoft Visual Studio Solution File, Format Version 12.00
# Visual Studio 15
VisualStudioVersion = 15.0.28307.421
MinimumVisualStudioVersion = 10.0.40219.1
Project("{9A19103F-16F7-4668-BE54-9A1E7A4F7556}") = "Lab05.APIRest", "Lab05.APIRest\Lab05.APIRest.csproj", "{EE176AF8-68FD-4629-A868-B5865BACCB58}"
EndProject
Project("{9A19103F-16F7-4668-BE54-9A1E7A4F7556}") = "Lab05.Web.App", "Lab05.Web.App\Lab05.Web.App.csproj", "{1FF184F4-843F-4408-B7B2-A32A5DDA1F28}"
EndProject
Project("{FAE04EC0-301F-11D3-BF4B-00C04F79EFBC}") = "Lab05.DB", "Lab05.DB\Lab05.DB.csproj", "{399E01CC-2B26-4BAF-A091-74140681D095}"
EndProject
Global
	GlobalSection(SolutionConfigurationPlatforms) = preSolution
		Debug|Any CPU = Debug|Any CPU
		Release|Any CPU = Release|Any CPU
	EndGlobalSection
	GlobalSection(ProjectConfigurationPlatforms) = postSolution
		{EE176AF8-68FD-4629-A868-B5865BACCB58}.Debug|Any CPU.ActiveCfg = Debug|Any CPU
		{EE176AF8-68FD-4629-A868-B5865BACCB58}.Debug|Any CPU.Build.0 = Debug|Any CPU
		{EE176AF8-68FD-4629-A868-B5865BACCB58}.Release|Any CPU.ActiveCfg = Release|Any CPU
		{EE176AF8-68FD-4629-A868-B5865BACCB58}.Release|Any CPU.Build.0 = Release|Any CPU
		{1FF184F4-843F-4408-B7B2-A32A5DDA1F28}.Debug|Any CPU.ActiveCfg = Debug|Any CPU
		{1FF184F4-843F-4408-B7B2-A32A5DDA1F28}.Debug|Any CPU.Build.0 = Debug|Any CPU
		{1FF184F4-843F-4408-B7B2-A32A5DDA1F28}.Release|Any CPU.ActiveCfg = Release|Any CPU
		{1FF184F4-843F-4408-B7B2-A32A5DDA1F28}.Release|Any CPU.Build.0 = Release|Any CPU
		{399E01CC-2B26-4BAF-A091-74140681D095}.Debug|Any CPU.ActiveCfg = Debug|Any CPU
		{399E01CC-2B26-4BAF-A091-74140681D095}.Debug|Any CPU.Build.0 = Debug|Any CPU
		{399E01CC-2B26-4BAF-A091-74140681D095}.Release|Any CPU.ActiveCfg = Release|Any CPU
		{399E01CC-2B26-4BAF-A091-74140681D095}.Release|Any CPU.Build.0 = Release|Any CPU
	EndGlobalSection
	GlobalSection(SolutionProperties) = preSolution
		HideSolutionNode = FALSE
	EndGlobalSection
	GlobalSection(ExtensibilityGlobals) = postSolution
		SolutionGuid = {837739AD-B002-4258-9A27-797E0AD40AC2}
	EndGlobalSection
EndGlobal
